// !$*UTF8*$!
{
	archiveVersion = 1;
	classes = {
	};
	objectVersion = 56;
	objects = {

/* Begin PBXBuildFile section */
		AF0B2C732A6A858300F3F55A /* PredictScoreUseCase.swift in Sources */ = {isa = PBXBuildFile; fileRef = AF0B2C722A6A858300F3F55A /* PredictScoreUseCase.swift */; };
		AF0B2C752A6A85E100F3F55A /* PredictScore.swift in Sources */ = {isa = PBXBuildFile; fileRef = AF0B2C742A6A85E100F3F55A /* PredictScore.swift */; };
		AF0B2C792A6A862C00F3F55A /* ScorePrediction.swift in Sources */ = {isa = PBXBuildFile; fileRef = AF0B2C782A6A862C00F3F55A /* ScorePrediction.swift */; };
		AF0B2C7C2A6A867B00F3F55A /* PredictScoreView.swift in Sources */ = {isa = PBXBuildFile; fileRef = AF0B2C7B2A6A867B00F3F55A /* PredictScoreView.swift */; };
		AF0B2C7F2A6A910700F3F55A /* AwayFootballTeamScoreRegressor.mlmodel in Sources */ = {isa = PBXBuildFile; fileRef = AF0B2C7D2A6A910700F3F55A /* AwayFootballTeamScoreRegressor.mlmodel */; };
		AF0B2C802A6A910700F3F55A /* HomeFootballTeamScoreRegressor.mlmodel in Sources */ = {isa = PBXBuildFile; fileRef = AF0B2C7E2A6A910700F3F55A /* HomeFootballTeamScoreRegressor.mlmodel */; };
		AF0B2C822A6A94AC00F3F55A /* teams.json in Resources */ = {isa = PBXBuildFile; fileRef = AF0B2C812A6A94AC00F3F55A /* teams.json */; };
		AF0B2C852A6A94D100F3F55A /* FetchFootballTeamsUseCase.swift in Sources */ = {isa = PBXBuildFile; fileRef = AF0B2C842A6A94D100F3F55A /* FetchFootballTeamsUseCase.swift */; };
		AF0B2C882A6A94F200F3F55A /* FootballTeam.swift in Sources */ = {isa = PBXBuildFile; fileRef = AF0B2C872A6A94F200F3F55A /* FootballTeam.swift */; };
		AF0B2C8A2A6A954100F3F55A /* FetchFootballTeams.swift in Sources */ = {isa = PBXBuildFile; fileRef = AF0B2C892A6A954100F3F55A /* FetchFootballTeams.swift */; };
		AF0B2C8C2A6A9D3F00F3F55A /* PredictScoreViewModel.swift in Sources */ = {isa = PBXBuildFile; fileRef = AF0B2C8B2A6A9D3F00F3F55A /* PredictScoreViewModel.swift */; };
		AFFD877D2A6A7F8400D5CE00 /* FootballScorePredictorApp.swift in Sources */ = {isa = PBXBuildFile; fileRef = AFFD877C2A6A7F8400D5CE00 /* FootballScorePredictorApp.swift */; };
		AFFD877F2A6A7F8400D5CE00 /* ContentView.swift in Sources */ = {isa = PBXBuildFile; fileRef = AFFD877E2A6A7F8400D5CE00 /* ContentView.swift */; };
		AFFD87812A6A7F8500D5CE00 /* Assets.xcassets in Resources */ = {isa = PBXBuildFile; fileRef = AFFD87802A6A7F8500D5CE00 /* Assets.xcassets */; };
		AFFD87852A6A7F8500D5CE00 /* Preview Assets.xcassets in Resources */ = {isa = PBXBuildFile; fileRef = AFFD87842A6A7F8500D5CE00 /* Preview Assets.xcassets */; };
/* End PBXBuildFile section */

/* Begin PBXFileReference section */
		AF0B2C722A6A858300F3F55A /* PredictScoreUseCase.swift */ = {isa = PBXFileReference; lastKnownFileType = sourcecode.swift; path = PredictScoreUseCase.swift; sourceTree = "<group>"; };
		AF0B2C742A6A85E100F3F55A /* PredictScore.swift */ = {isa = PBXFileReference; lastKnownFileType = sourcecode.swift; path = PredictScore.swift; sourceTree = "<group>"; };
		AF0B2C782A6A862C00F3F55A /* ScorePrediction.swift */ = {isa = PBXFileReference; lastKnownFileType = sourcecode.swift; path = ScorePrediction.swift; sourceTree = "<group>"; };
		AF0B2C7B2A6A867B00F3F55A /* PredictScoreView.swift */ = {isa = PBXFileReference; lastKnownFileType = sourcecode.swift; path = PredictScoreView.swift; sourceTree = "<group>"; };
		AF0B2C7D2A6A910700F3F55A /* AwayFootballTeamScoreRegressor.mlmodel */ = {isa = PBXFileReference; lastKnownFileType = file.mlmodel; path = AwayFootballTeamScoreRegressor.mlmodel; sourceTree = "<group>"; };
		AF0B2C7E2A6A910700F3F55A /* HomeFootballTeamScoreRegressor.mlmodel */ = {isa = PBXFileReference; lastKnownFileType = file.mlmodel; path = HomeFootballTeamScoreRegressor.mlmodel; sourceTree = "<group>"; };
		AF0B2C812A6A94AC00F3F55A /* teams.json */ = {isa = PBXFileReference; fileEncoding = 4; lastKnownFileType = text.json; path = teams.json; sourceTree = "<group>"; };
		AF0B2C842A6A94D100F3F55A /* FetchFootballTeamsUseCase.swift */ = {isa = PBXFileReference; lastKnownFileType = sourcecode.swift; path = FetchFootballTeamsUseCase.swift; sourceTree = "<group>"; };
		AF0B2C872A6A94F200F3F55A /* FootballTeam.swift */ = {isa = PBXFileReference; lastKnownFileType = sourcecode.swift; path = FootballTeam.swift; sourceTree = "<group>"; };
		AF0B2C892A6A954100F3F55A /* FetchFootballTeams.swift */ = {isa = PBXFileReference; lastKnownFileType = sourcecode.swift; path = FetchFootballTeams.swift; sourceTree = "<group>"; };
		AF0B2C8B2A6A9D3F00F3F55A /* PredictScoreViewModel.swift */ = {isa = PBXFileReference; lastKnownFileType = sourcecode.swift; path = PredictScoreViewModel.swift; sourceTree = "<group>"; };
		AFFD87792A6A7F8400D5CE00 /* FootballScorePredictor.app */ = {isa = PBXFileReference; explicitFileType = wrapper.application; includeInIndex = 0; path = FootballScorePredictor.app; sourceTree = BUILT_PRODUCTS_DIR; };
		AFFD877C2A6A7F8400D5CE00 /* FootballScorePredictorApp.swift */ = {isa = PBXFileReference; lastKnownFileType = sourcecode.swift; path = FootballScorePredictorApp.swift; sourceTree = "<group>"; };
		AFFD877E2A6A7F8400D5CE00 /* ContentView.swift */ = {isa = PBXFileReference; lastKnownFileType = sourcecode.swift; path = ContentView.swift; sourceTree = "<group>"; };
		AFFD87802A6A7F8500D5CE00 /* Assets.xcassets */ = {isa = PBXFileReference; lastKnownFileType = folder.assetcatalog; path = Assets.xcassets; sourceTree = "<group>"; };
		AFFD87822A6A7F8500D5CE00 /* FootballScorePredictor.entitlements */ = {isa = PBXFileReference; lastKnownFileType = text.plist.entitlements; path = FootballScorePredictor.entitlements; sourceTree = "<group>"; };
		AFFD87842A6A7F8500D5CE00 /* Preview Assets.xcassets */ = {isa = PBXFileReference; lastKnownFileType = folder.assetcatalog; path = "Preview Assets.xcassets"; sourceTree = "<group>"; };
/* End PBXFileReference section */

/* Begin PBXFrameworksBuildPhase section */
		AFFD87762A6A7F8400D5CE00 /* Frameworks */ = {
			isa = PBXFrameworksBuildPhase;
			buildActionMask = 2147483647;
			files = (
			);
			runOnlyForDeploymentPostprocessing = 0;
		};
/* End PBXFrameworksBuildPhase section */

/* Begin PBXGroup section */
		AF0B2C6C2A6A848E00F3F55A /* UseCases */ = {
			isa = PBXGroup;
			children = (
				AF0B2C832A6A94BC00F3F55A /* FootballTeams */,
				AF0B2C762A6A860300F3F55A /* PredictScore */,
			);
			path = UseCases;
			sourceTree = "<group>";
		};
		AF0B2C6D2A6A84AA00F3F55A /* CoreML */ = {
			isa = PBXGroup;
			children = (
				AF0B2C812A6A94AC00F3F55A /* teams.json */,
				AF0B2C7D2A6A910700F3F55A /* AwayFootballTeamScoreRegressor.mlmodel */,
				AF0B2C7E2A6A910700F3F55A /* HomeFootballTeamScoreRegressor.mlmodel */,
			);
			path = CoreML;
			sourceTree = "<group>";
		};
		AF0B2C762A6A860300F3F55A /* PredictScore */ = {
			isa = PBXGroup;
			children = (
				AF0B2C772A6A862200F3F55A /* Models */,
				AF0B2C722A6A858300F3F55A /* PredictScoreUseCase.swift */,
				AF0B2C742A6A85E100F3F55A /* PredictScore.swift */,
			);
			path = PredictScore;
			sourceTree = "<group>";
		};
		AF0B2C772A6A862200F3F55A /* Models */ = {
			isa = PBXGroup;
			children = (
				AF0B2C782A6A862C00F3F55A /* ScorePrediction.swift */,
			);
			path = Models;
			sourceTree = "<group>";
		};
		AF0B2C7A2A6A866500F3F55A /* PredictScore */ = {
			isa = PBXGroup;
			children = (
				AF0B2C7B2A6A867B00F3F55A /* PredictScoreView.swift */,
				AF0B2C8B2A6A9D3F00F3F55A /* PredictScoreViewModel.swift */,
			);
			path = PredictScore;
			sourceTree = "<group>";
		};
		AF0B2C832A6A94BC00F3F55A /* FootballTeams */ = {
			isa = PBXGroup;
			children = (
				AF0B2C862A6A94E600F3F55A /* Models */,
				AF0B2C842A6A94D100F3F55A /* FetchFootballTeamsUseCase.swift */,
				AF0B2C892A6A954100F3F55A /* FetchFootballTeams.swift */,
			);
			path = FootballTeams;
			sourceTree = "<group>";
		};
		AF0B2C862A6A94E600F3F55A /* Models */ = {
			isa = PBXGroup;
			children = (
				AF0B2C872A6A94F200F3F55A /* FootballTeam.swift */,
			);
			path = Models;
			sourceTree = "<group>";
		};
		AFFD87702A6A7F8300D5CE00 = {
			isa = PBXGroup;
			children = (
				AFFD877B2A6A7F8400D5CE00 /* FootballScorePredictor */,
				AFFD877A2A6A7F8400D5CE00 /* Products */,
			);
			sourceTree = "<group>";
		};
		AFFD877A2A6A7F8400D5CE00 /* Products */ = {
			isa = PBXGroup;
			children = (
				AFFD87792A6A7F8400D5CE00 /* FootballScorePredictor.app */,
			);
			name = Products;
			sourceTree = "<group>";
		};
		AFFD877B2A6A7F8400D5CE00 /* FootballScorePredictor */ = {
			isa = PBXGroup;
			children = (
				AFFD877C2A6A7F8400D5CE00 /* FootballScorePredictorApp.swift */,
				AFFD877E2A6A7F8400D5CE00 /* ContentView.swift */,
				AF0B2C7A2A6A866500F3F55A /* PredictScore */,
				AF0B2C6C2A6A848E00F3F55A /* UseCases */,
				AF0B2C6D2A6A84AA00F3F55A /* CoreML */,
				AFFD87802A6A7F8500D5CE00 /* Assets.xcassets */,
				AFFD87822A6A7F8500D5CE00 /* FootballScorePredictor.entitlements */,
				AFFD87832A6A7F8500D5CE00 /* Preview Content */,
			);
			path = FootballScorePredictor;
			sourceTree = "<group>";
		};
		AFFD87832A6A7F8500D5CE00 /* Preview Content */ = {
			isa = PBXGroup;
			children = (
				AFFD87842A6A7F8500D5CE00 /* Preview Assets.xcassets */,
			);
			path = "Preview Content";
			sourceTree = "<group>";
		};
/* End PBXGroup section */

/* Begin PBXNativeTarget section */
		AFFD87782A6A7F8400D5CE00 /* FootballScorePredictor */ = {
			isa = PBXNativeTarget;
			buildConfigurationList = AFFD87882A6A7F8500D5CE00 /* Build configuration list for PBXNativeTarget "FootballScorePredictor" */;
			buildPhases = (
				AFFD87752A6A7F8400D5CE00 /* Sources */,
				AFFD87762A6A7F8400D5CE00 /* Frameworks */,
				AFFD87772A6A7F8400D5CE00 /* Resources */,
			);
			buildRules = (
			);
			dependencies = (
			);
			name = FootballScorePredictor;
			productName = FootballScorePredictor;
			productReference = AFFD87792A6A7F8400D5CE00 /* FootballScorePredictor.app */;
			productType = "com.apple.product-type.application";
		};
/* End PBXNativeTarget section */

/* Begin PBXProject section */
		AFFD87712A6A7F8300D5CE00 /* Project object */ = {
			isa = PBXProject;
			attributes = {
				BuildIndependentTargetsInParallel = 1;
				LastSwiftUpdateCheck = 1430;
				LastUpgradeCheck = 1430;
				TargetAttributes = {
					AFFD87782A6A7F8400D5CE00 = {
						CreatedOnToolsVersion = 14.3.1;
					};
				};
			};
			buildConfigurationList = AFFD87742A6A7F8300D5CE00 /* Build configuration list for PBXProject "FootballScorePredictor" */;
			compatibilityVersion = "Xcode 14.0";
			developmentRegion = en;
			hasScannedForEncodings = 0;
			knownRegions = (
				en,
				Base,
			);
			mainGroup = AFFD87702A6A7F8300D5CE00;
			productRefGroup = AFFD877A2A6A7F8400D5CE00 /* Products */;
			projectDirPath = "";
			projectRoot = "";
			targets = (
				AFFD87782A6A7F8400D5CE00 /* FootballScorePredictor */,
			);
		};
/* End PBXProject section */

/* Begin PBXResourcesBuildPhase section */
		AFFD87772A6A7F8400D5CE00 /* Resources */ = {
			isa = PBXResourcesBuildPhase;
			buildActionMask = 2147483647;
			files = (
				AF0B2C822A6A94AC00F3F55A /* teams.json in Resources */,
				AFFD87852A6A7F8500D5CE00 /* Preview Assets.xcassets in Resources */,
				AFFD87812A6A7F8500D5CE00 /* Assets.xcassets in Resources */,
			);
			runOnlyForDeploymentPostprocessing = 0;
		};
/* End PBXResourcesBuildPhase section */

/* Begin PBXSourcesBuildPhase section */
		AFFD87752A6A7F8400D5CE00 /* Sources */ = {
			isa = PBXSourcesBuildPhase;
			buildActionMask = 2147483647;
			files = (
				AF0B2C732A6A858300F3F55A /* PredictScoreUseCase.swift in Sources */,
				AF0B2C802A6A910700F3F55A /* HomeFootballTeamScoreRegressor.mlmodel in Sources */,
				AF0B2C752A6A85E100F3F55A /* PredictScore.swift in Sources */,
				AF0B2C7C2A6A867B00F3F55A /* PredictScoreView.swift in Sources */,
				AF0B2C7F2A6A910700F3F55A /* AwayFootballTeamScoreRegressor.mlmodel in Sources */,
				AFFD877F2A6A7F8400D5CE00 /* ContentView.swift in Sources */,
				AFFD877D2A6A7F8400D5CE00 /* FootballScorePredictorApp.swift in Sources */,
				AF0B2C852A6A94D100F3F55A /* FetchFootballTeamsUseCase.swift in Sources */,
				AF0B2C792A6A862C00F3F55A /* ScorePrediction.swift in Sources */,
				AF0B2C8C2A6A9D3F00F3F55A /* PredictScoreViewModel.swift in Sources */,
				AF0B2C882A6A94F200F3F55A /* FootballTeam.swift in Sources */,
				AF0B2C8A2A6A954100F3F55A /* FetchFootballTeams.swift in Sources */,
			);
			runOnlyForDeploymentPostprocessing = 0;
		};
/* End PBXSourcesBuildPhase section */

/* Begin XCBuildConfiguration section */
		AFFD87862A6A7F8500D5CE00 /* Debug */ = {
			isa = XCBuildConfiguration;
			buildSettings = {
				ALWAYS_SEARCH_USER_PATHS = NO;
				CLANG_ANALYZER_NONNULL = YES;
				CLANG_ANALYZER_NUMBER_OBJECT_CONVERSION = YES_AGGRESSIVE;
				CLANG_CXX_LANGUAGE_STANDARD = "gnu++20";
				CLANG_ENABLE_MODULES = YES;
				CLANG_ENABLE_OBJC_ARC = YES;
				CLANG_ENABLE_OBJC_WEAK = YES;
				CLANG_WARN_BLOCK_CAPTURE_AUTORELEASING = YES;
				CLANG_WARN_BOOL_CONVERSION = YES;
				CLANG_WARN_COMMA = YES;
				CLANG_WARN_CONSTANT_CONVERSION = YES;
				CLANG_WARN_DEPRECATED_OBJC_IMPLEMENTATIONS = YES;
				CLANG_WARN_DIRECT_OBJC_ISA_USAGE = YES_ERROR;
				CLANG_WARN_DOCUMENTATION_COMMENTS = YES;
				CLANG_WARN_EMPTY_BODY = YES;
				CLANG_WARN_ENUM_CONVERSION = YES;
				CLANG_WARN_INFINITE_RECURSION = YES;
				CLANG_WARN_INT_CONVERSION = YES;
				CLANG_WARN_NON_LITERAL_NULL_CONVERSION = YES;
				CLANG_WARN_OBJC_IMPLICIT_RETAIN_SELF = YES;
				CLANG_WARN_OBJC_LITERAL_CONVERSION = YES;
				CLANG_WARN_OBJC_ROOT_CLASS = YES_ERROR;
				CLANG_WARN_QUOTED_INCLUDE_IN_FRAMEWORK_HEADER = YES;
				CLANG_WARN_RANGE_LOOP_ANALYSIS = YES;
				CLANG_WARN_STRICT_PROTOTYPES = YES;
				CLANG_WARN_SUSPICIOUS_MOVE = YES;
				CLANG_WARN_UNGUARDED_AVAILABILITY = YES_AGGRESSIVE;
				CLANG_WARN_UNREACHABLE_CODE = YES;
				CLANG_WARN__DUPLICATE_METHOD_MATCH = YES;
				COPY_PHASE_STRIP = NO;
				DEBUG_INFORMATION_FORMAT = dwarf;
				ENABLE_STRICT_OBJC_MSGSEND = YES;
				ENABLE_TESTABILITY = YES;
				GCC_C_LANGUAGE_STANDARD = gnu11;
				GCC_DYNAMIC_NO_PIC = NO;
				GCC_NO_COMMON_BLOCKS = YES;
				GCC_OPTIMIZATION_LEVEL = 0;
				GCC_PREPROCESSOR_DEFINITIONS = (
					"DEBUG=1",
					"$(inherited)",
				);
				GCC_WARN_64_TO_32_BIT_CONVERSION = YES;
				GCC_WARN_ABOUT_RETURN_TYPE = YES_ERROR;
				GCC_WARN_UNDECLARED_SELECTOR = YES;
				GCC_WARN_UNINITIALIZED_AUTOS = YES_AGGRESSIVE;
				GCC_WARN_UNUSED_FUNCTION = YES;
				GCC_WARN_UNUSED_VARIABLE = YES;
				MTL_ENABLE_DEBUG_INFO = INCLUDE_SOURCE;
				MTL_FAST_MATH = YES;
				ONLY_ACTIVE_ARCH = YES;
				SWIFT_ACTIVE_COMPILATION_CONDITIONS = DEBUG;
				SWIFT_OPTIMIZATION_LEVEL = "-Onone";
			};
			name = Debug;
		};
		AFFD87872A6A7F8500D5CE00 /* Release */ = {
			isa = XCBuildConfiguration;
			buildSettings = {
				ALWAYS_SEARCH_USER_PATHS = NO;
				CLANG_ANALYZER_NONNULL = YES;
				CLANG_ANALYZER_NUMBER_OBJECT_CONVERSION = YES_AGGRESSIVE;
				CLANG_CXX_LANGUAGE_STANDARD = "gnu++20";
				CLANG_ENABLE_MODULES = YES;
				CLANG_ENABLE_OBJC_ARC = YES;
				CLANG_ENABLE_OBJC_WEAK = YES;
				CLANG_WARN_BLOCK_CAPTURE_AUTORELEASING = YES;
				CLANG_WARN_BOOL_CONVERSION = YES;
				CLANG_WARN_COMMA = YES;
				CLANG_WARN_CONSTANT_CONVERSION = YES;
				CLANG_WARN_DEPRECATED_OBJC_IMPLEMENTATIONS = YES;
				CLANG_WARN_DIRECT_OBJC_ISA_USAGE = YES_ERROR;
				CLANG_WARN_DOCUMENTATION_COMMENTS = YES;
				CLANG_WARN_EMPTY_BODY = YES;
				CLANG_WARN_ENUM_CONVERSION = YES;
				CLANG_WARN_INFINITE_RECURSION = YES;
				CLANG_WARN_INT_CONVERSION = YES;
				CLANG_WARN_NON_LITERAL_NULL_CONVERSION = YES;
				CLANG_WARN_OBJC_IMPLICIT_RETAIN_SELF = YES;
				CLANG_WARN_OBJC_LITERAL_CONVERSION = YES;
				CLANG_WARN_OBJC_ROOT_CLASS = YES_ERROR;
				CLANG_WARN_QUOTED_INCLUDE_IN_FRAMEWORK_HEADER = YES;
				CLANG_WARN_RANGE_LOOP_ANALYSIS = YES;
				CLANG_WARN_STRICT_PROTOTYPES = YES;
				CLANG_WARN_SUSPICIOUS_MOVE = YES;
				CLANG_WARN_UNGUARDED_AVAILABILITY = YES_AGGRESSIVE;
				CLANG_WARN_UNREACHABLE_CODE = YES;
				CLANG_WARN__DUPLICATE_METHOD_MATCH = YES;
				COPY_PHASE_STRIP = NO;
				DEBUG_INFORMATION_FORMAT = "dwarf-with-dsym";
				ENABLE_NS_ASSERTIONS = NO;
				ENABLE_STRICT_OBJC_MSGSEND = YES;
				GCC_C_LANGUAGE_STANDARD = gnu11;
				GCC_NO_COMMON_BLOCKS = YES;
				GCC_WARN_64_TO_32_BIT_CONVERSION = YES;
				GCC_WARN_ABOUT_RETURN_TYPE = YES_ERROR;
				GCC_WARN_UNDECLARED_SELECTOR = YES;
				GCC_WARN_UNINITIALIZED_AUTOS = YES_AGGRESSIVE;
				GCC_WARN_UNUSED_FUNCTION = YES;
				GCC_WARN_UNUSED_VARIABLE = YES;
				MTL_ENABLE_DEBUG_INFO = NO;
				MTL_FAST_MATH = YES;
				SWIFT_COMPILATION_MODE = wholemodule;
				SWIFT_OPTIMIZATION_LEVEL = "-O";
			};
			name = Release;
		};
		AFFD87892A6A7F8500D5CE00 /* Debug */ = {
			isa = XCBuildConfiguration;
			buildSettings = {
				ASSETCATALOG_COMPILER_APPICON_NAME = AppIcon;
				ASSETCATALOG_COMPILER_GLOBAL_ACCENT_COLOR_NAME = AccentColor;
				CODE_SIGN_ENTITLEMENTS = FootballScorePredictor/FootballScorePredictor.entitlements;
				CODE_SIGN_STYLE = Automatic;
				CURRENT_PROJECT_VERSION = 1;
				DEVELOPMENT_ASSET_PATHS = "\"FootballScorePredictor/Preview Content\"";
				DEVELOPMENT_TEAM = B43ZJ6HHUE;
				ENABLE_HARDENED_RUNTIME = YES;
				ENABLE_PREVIEWS = YES;
				GENERATE_INFOPLIST_FILE = YES;
				INFOPLIST_KEY_CFBundleDisplayName = "Football Score Predictor";
				"INFOPLIST_KEY_UIApplicationSceneManifest_Generation[sdk=iphoneos*]" = YES;
				"INFOPLIST_KEY_UIApplicationSceneManifest_Generation[sdk=iphonesimulator*]" = YES;
				"INFOPLIST_KEY_UIApplicationSupportsIndirectInputEvents[sdk=iphoneos*]" = YES;
				"INFOPLIST_KEY_UIApplicationSupportsIndirectInputEvents[sdk=iphonesimulator*]" = YES;
				"INFOPLIST_KEY_UILaunchScreen_Generation[sdk=iphoneos*]" = YES;
				"INFOPLIST_KEY_UILaunchScreen_Generation[sdk=iphonesimulator*]" = YES;
				"INFOPLIST_KEY_UIStatusBarStyle[sdk=iphoneos*]" = UIStatusBarStyleDefault;
				"INFOPLIST_KEY_UIStatusBarStyle[sdk=iphonesimulator*]" = UIStatusBarStyleDefault;
				INFOPLIST_KEY_UISupportedInterfaceOrientations_iPad = "UIInterfaceOrientationPortrait UIInterfaceOrientationPortraitUpsideDown UIInterfaceOrientationLandscapeLeft UIInterfaceOrientationLandscapeRight";
				INFOPLIST_KEY_UISupportedInterfaceOrientations_iPhone = "UIInterfaceOrientationPortrait UIInterfaceOrientationLandscapeLeft UIInterfaceOrientationLandscapeRight";
				IPHONEOS_DEPLOYMENT_TARGET = 16.4;
				LD_RUNPATH_SEARCH_PATHS = "@executable_path/Frameworks";
				"LD_RUNPATH_SEARCH_PATHS[sdk=macosx*]" = "@executable_path/../Frameworks";
				MACOSX_DEPLOYMENT_TARGET = 13.3;
				MARKETING_VERSION = 1.0;
				PRODUCT_BUNDLE_IDENTIFIER = "uk.co.adam-young.FootballScorePredictor";
				PRODUCT_NAME = "$(TARGET_NAME)";
				SDKROOT = auto;
				SUPPORTED_PLATFORMS = "iphoneos iphonesimulator macosx";
				SWIFT_EMIT_LOC_STRINGS = YES;
				SWIFT_VERSION = 5.0;
				TARGETED_DEVICE_FAMILY = "1,2";
			};
			name = Debug;
		};
		AFFD878A2A6A7F8500D5CE00 /* Release */ = {
			isa = XCBuildConfiguration;
			buildSettings = {
				ASSETCATALOG_COMPILER_APPICON_NAME = AppIcon;
				ASSETCATALOG_COMPILER_GLOBAL_ACCENT_COLOR_NAME = AccentColor;
				CODE_SIGN_ENTITLEMENTS = FootballScorePredictor/FootballScorePredictor.entitlements;
				CODE_SIGN_STYLE = Automatic;
				CURRENT_PROJECT_VERSION = 1;
				DEVELOPMENT_ASSET_PATHS = "\"FootballScorePredictor/Preview Content\"";
				DEVELOPMENT_TEAM = B43ZJ6HHUE;
				ENABLE_HARDENED_RUNTIME = YES;
				ENABLE_PREVIEWS = YES;
				GENERATE_INFOPLIST_FILE = YES;
				INFOPLIST_KEY_CFBundleDisplayName = "Football Score Predictor";
				"INFOPLIST_KEY_UIApplicationSceneManifest_Generation[sdk=iphoneos*]" = YES;
				"INFOPLIST_KEY_UIApplicationSceneManifest_Generation[sdk=iphonesimulator*]" = YES;
				"INFOPLIST_KEY_UIApplicationSupportsIndirectInputEvents[sdk=iphoneos*]" = YES;
				"INFOPLIST_KEY_UIApplicationSupportsIndirectInputEvents[sdk=iphonesimulator*]" = YES;
				"INFOPLIST_KEY_UILaunchScreen_Generation[sdk=iphoneos*]" = YES;
				"INFOPLIST_KEY_UILaunchScreen_Generation[sdk=iphonesimulator*]" = YES;
				"INFOPLIST_KEY_UIStatusBarStyle[sdk=iphoneos*]" = UIStatusBarStyleDefault;
				"INFOPLIST_KEY_UIStatusBarStyle[sdk=iphonesimulator*]" = UIStatusBarStyleDefault;
				INFOPLIST_KEY_UISupportedInterfaceOrientations_iPad = "UIInterfaceOrientationPortrait UIInterfaceOrientationPortraitUpsideDown UIInterfaceOrientationLandscapeLeft UIInterfaceOrientationLandscapeRight";
				INFOPLIST_KEY_UISupportedInterfaceOrientations_iPhone = "UIInterfaceOrientationPortrait UIInterfaceOrientationLandscapeLeft UIInterfaceOrientationLandscapeRight";
				IPHONEOS_DEPLOYMENT_TARGET = 16.4;
				LD_RUNPATH_SEARCH_PATHS = "@executable_path/Frameworks";
				"LD_RUNPATH_SEARCH_PATHS[sdk=macosx*]" = "@executable_path/../Frameworks";
				MACOSX_DEPLOYMENT_TARGET = 13.3;
				MARKETING_VERSION = 1.0;
				PRODUCT_BUNDLE_IDENTIFIER = "uk.co.adam-young.FootballScorePredictor";
				PRODUCT_NAME = "$(TARGET_NAME)";
				SDKROOT = auto;
				SUPPORTED_PLATFORMS = "iphoneos iphonesimulator macosx";
				SWIFT_EMIT_LOC_STRINGS = YES;
				SWIFT_VERSION = 5.0;
				TARGETED_DEVICE_FAMILY = "1,2";
			};
			name = Release;
		};
/* End XCBuildConfiguration section */

/* Begin XCConfigurationList section */
		AFFD87742A6A7F8300D5CE00 /* Build configuration list for PBXProject "FootballScorePredictor" */ = {
			isa = XCConfigurationList;
			buildConfigurations = (
				AFFD87862A6A7F8500D5CE00 /* Debug */,
				AFFD87872A6A7F8500D5CE00 /* Release */,
			);
			defaultConfigurationIsVisible = 0;
			defaultConfigurationName = Release;
		};
		AFFD87882A6A7F8500D5CE00 /* Build configuration list for PBXNativeTarget "FootballScorePredictor" */ = {
			isa = XCConfigurationList;
			buildConfigurations = (
				AFFD87892A6A7F8500D5CE00 /* Debug */,
				AFFD878A2A6A7F8500D5CE00 /* Release */,
			);
			defaultConfigurationIsVisible = 0;
			defaultConfigurationName = Release;
		};
/* End XCConfigurationList section */
	};
	rootObject = AFFD87712A6A7F8300D5CE00 /* Project object */;
}
